
Microsoft Visual Studio Solution File, Format Version 12.00
# Visual Studio Version 17
VisualStudioVersion = 17.9.34622.214
MinimumVisualStudioVersion = 10.0.40219.1
Project("{9A19103F-16F7-4668-BE54-9A1E7A4F7556}") = "WMS - Projekt", "WMS - Projekt\WMS - Projekt.csproj", "{F43EE2B1-4AEC-4FA1-8223-F7B284DDAC0D}"
EndProject
Project("{FAE04EC0-301F-11D3-BF4B-00C04F79EFBC}") = "WMSProjekt_Tests", "WMSProjekt_Tests\WMSProjekt_Tests.csproj", "{86F90F54-C951-4480-9738-B83CCC82CADF}"
EndProject
Global
	GlobalSection(SolutionConfigurationPlatforms) = preSolution
		Debug|Any CPU = Debug|Any CPU
		Release|Any CPU = Release|Any CPU
	EndGlobalSection
	GlobalSection(ProjectConfigurationPlatforms) = postSolution
		{F43EE2B1-4AEC-4FA1-8223-F7B284DDAC0D}.Debug|Any CPU.ActiveCfg = Debug|Any CPU
		{F43EE2B1-4AEC-4FA1-8223-F7B284DDAC0D}.Debug|Any CPU.Build.0 = Debug|Any CPU
		{F43EE2B1-4AEC-4FA1-8223-F7B284DDAC0D}.Release|Any CPU.ActiveCfg = Release|Any CPU
		{F43EE2B1-4AEC-4FA1-8223-F7B284DDAC0D}.Release|Any CPU.Build.0 = Release|Any CPU
		{86F90F54-C951-4480-9738-B83CCC82CADF}.Debug|Any CPU.ActiveCfg = Debug|Any CPU
		{86F90F54-C951-4480-9738-B83CCC82CADF}.Debug|Any CPU.Build.0 = Debug|Any CPU
		{86F90F54-C951-4480-9738-B83CCC82CADF}.Release|Any CPU.ActiveCfg = Release|Any CPU
		{86F90F54-C951-4480-9738-B83CCC82CADF}.Release|Any CPU.Build.0 = Release|Any CPU
	EndGlobalSection
	GlobalSection(SolutionProperties) = preSolution
		HideSolutionNode = FALSE
	EndGlobalSection
	GlobalSection(ExtensibilityGlobals) = postSolution
		SolutionGuid = {4B39E4D8-F127-4B27-9E74-6D4C7F49282F}
	EndGlobalSection
EndGlobal
